
Microsoft Visual Studio Solution File, Format Version 11.00
# Visual Studio 2010
Project("{8BC9CEB8-8B4A-11D0-8D11-00A0C91BC942}") = "Outlook", "Outlook.vcxproj", "{51051A5C-3513-45E6-9522-A881C0D41149}"
EndProject
Project("{8BC9CEB8-8B4A-11D0-8D11-00A0C91BC942}") = "outlook_helper", "outlook_helper\outlook_helper.vcxproj", "{9F4DCD26-23C6-4669-99E0-79B5B35BC375}"
EndProject
Project("{FAE04EC0-301F-11D3-BF4B-00C04F79EFBC}") = "OutCALLPlugin", "outlook_plugin\OutCALLPlugin.csproj", "{AF8D569B-AA6C-41F6-908C-EAD817C2CF9D}"
EndProject
Project("{2150E333-8FDC-42A3-9474-1A3956D46DE8}") = "Solution Items", "Solution Items", "{3F81E803-427A-4D55-8164-0B9D6E5581F7}"
EndProject
Global
	GlobalSection(SolutionConfigurationPlatforms) = preSolution
		Debug - Free|Any CPU = Debug - Free|Any CPU
		Debug - Free|Mixed Platforms = Debug - Free|Mixed Platforms
		Debug - Free|Win32 = Debug - Free|Win32
		Debug - Free|x64 = Debug - Free|x64
		Debug Unicode|Any CPU = Debug Unicode|Any CPU
		Debug Unicode|Mixed Platforms = Debug Unicode|Mixed Platforms
		Debug Unicode|Win32 = Debug Unicode|Win32
		Debug Unicode|x64 = Debug Unicode|x64
		Debug|Any CPU = Debug|Any CPU
		Debug|Mixed Platforms = Debug|Mixed Platforms
		Debug|Win32 = Debug|Win32
		Debug|x64 = Debug|x64
		denis|Any CPU = denis|Any CPU
		denis|Mixed Platforms = denis|Mixed Platforms
		denis|Win32 = denis|Win32
		denis|x64 = denis|x64
		Free - Debug|Any CPU = Free - Debug|Any CPU
		Free - Debug|Mixed Platforms = Free - Debug|Mixed Platforms
		Free - Debug|Win32 = Free - Debug|Win32
		Free - Debug|x64 = Free - Debug|x64
		MrMAPI|Any CPU = MrMAPI|Any CPU
		MrMAPI|Mixed Platforms = MrMAPI|Mixed Platforms
		MrMAPI|Win32 = MrMAPI|Win32
		MrMAPI|x64 = MrMAPI|x64
		MT Debug|Any CPU = MT Debug|Any CPU
		MT Debug|Mixed Platforms = MT Debug|Mixed Platforms
		MT Debug|Win32 = MT Debug|Win32
		MT Debug|x64 = MT Debug|x64
		MT Release|Any CPU = MT Release|Any CPU
		MT Release|Mixed Platforms = MT Release|Mixed Platforms
		MT Release|Win32 = MT Release|Win32
		MT Release|x64 = MT Release|x64
		Relase TeamX|Any CPU = Relase TeamX|Any CPU
		Relase TeamX|Mixed Platforms = Relase TeamX|Mixed Platforms
		Relase TeamX|Win32 = Relase TeamX|Win32
		Relase TeamX|x64 = Relase TeamX|x64
		Release - Free|Any CPU = Release - Free|Any CPU
		Release - Free|Mixed Platforms = Release - Free|Mixed Platforms
		Release - Free|Win32 = Release - Free|Win32
		Release - Free|x64 = Release - Free|x64
		Release TeamX|Any CPU = Release TeamX|Any CPU
		Release TeamX|Mixed Platforms = Release TeamX|Mixed Platforms
		Release TeamX|Win32 = Release TeamX|Win32
		Release TeamX|x64 = Release TeamX|x64
		Release Unicode|Any CPU = Release Unicode|Any CPU
		Release Unicode|Mixed Platforms = Release Unicode|Mixed Platforms
		Release Unicode|Win32 = Release Unicode|Win32
		Release Unicode|x64 = Release Unicode|x64
		Release|Any CPU = Release|Any CPU
		Release|Mixed Platforms = Release|Mixed Platforms
		Release|Win32 = Release|Win32
		Release|x64 = Release|x64
		Test|Any CPU = Test|Any CPU
		Test|Mixed Platforms = Test|Mixed Platforms
		Test|Win32 = Test|Win32
		Test|x64 = Test|x64
	EndGlobalSection
	GlobalSection(ProjectConfigurationPlatforms) = postSolution
		{51051A5C-3513-45E6-9522-A881C0D41149}.Debug - Free|Any CPU.ActiveCfg = Debug|Win32
		{51051A5C-3513-45E6-9522-A881C0D41149}.Debug - Free|Mixed Platforms.ActiveCfg = Debug|Win32
		{51051A5C-3513-45E6-9522-A881C0D41149}.Debug - Free|Mixed Platforms.Build.0 = Debug|Win32
		{51051A5C-3513-45E6-9522-A881C0D41149}.Debug - Free|Win32.ActiveCfg = Debug|Win32
		{51051A5C-3513-45E6-9522-A881C0D41149}.Debug - Free|Win32.Build.0 = Debug|Win32
		{51051A5C-3513-45E6-9522-A881C0D41149}.Debug - Free|x64.ActiveCfg = Debug|Win32
		{51051A5C-3513-45E6-9522-A881C0D41149}.Debug Unicode|Any CPU.ActiveCfg = Debug|x64
		{51051A5C-3513-45E6-9522-A881C0D41149}.Debug Unicode|Mixed Platforms.ActiveCfg = Debug|x64
		{51051A5C-3513-45E6-9522-A881C0D41149}.Debug Unicode|Mixed Platforms.Build.0 = Debug|x64
		{51051A5C-3513-45E6-9522-A881C0D41149}.Debug Unicode|Win32.ActiveCfg = Debug|x64
		{51051A5C-3513-45E6-9522-A881C0D41149}.Debug Unicode|x64.ActiveCfg = Debug|x64
		{51051A5C-3513-45E6-9522-A881C0D41149}.Debug Unicode|x64.Build.0 = Debug|x64
		{51051A5C-3513-45E6-9522-A881C0D41149}.Debug|Any CPU.ActiveCfg = Debug|Win32
		{51051A5C-3513-45E6-9522-A881C0D41149}.Debug|Mixed Platforms.ActiveCfg = Debug|Win32
		{51051A5C-3513-45E6-9522-A881C0D41149}.Debug|Mixed Platforms.Build.0 = Debug|Win32
		{51051A5C-3513-45E6-9522-A881C0D41149}.Debug|Win32.ActiveCfg = Debug|Win32
		{51051A5C-3513-45E6-9522-A881C0D41149}.Debug|Win32.Build.0 = Debug|Win32
		{51051A5C-3513-45E6-9522-A881C0D41149}.Debug|x64.ActiveCfg = Debug|x64
		{51051A5C-3513-45E6-9522-A881C0D41149}.denis|Any CPU.ActiveCfg = Debug|Win32
		{51051A5C-3513-45E6-9522-A881C0D41149}.denis|Mixed Platforms.ActiveCfg = Debug|Win32
		{51051A5C-3513-45E6-9522-A881C0D41149}.denis|Mixed Platforms.Build.0 = Debug|Win32
		{51051A5C-3513-45E6-9522-A881C0D41149}.denis|Win32.ActiveCfg = Debug|Win32
		{51051A5C-3513-45E6-9522-A881C0D41149}.denis|Win32.Build.0 = Debug|Win32
		{51051A5C-3513-45E6-9522-A881C0D41149}.denis|x64.ActiveCfg = Debug|Win32
		{51051A5C-3513-45E6-9522-A881C0D41149}.Free - Debug|Any CPU.ActiveCfg = Debug|Win32
		{51051A5C-3513-45E6-9522-A881C0D41149}.Free - Debug|Mixed Platforms.ActiveCfg = Debug|Win32
		{51051A5C-3513-45E6-9522-A881C0D41149}.Free - Debug|Mixed Platforms.Build.0 = Debug|Win32
		{51051A5C-3513-45E6-9522-A881C0D41149}.Free - Debug|Win32.ActiveCfg = Debug|Win32
		{51051A5C-3513-45E6-9522-A881C0D41149}.Free - Debug|Win32.Build.0 = Debug|Win32
		{51051A5C-3513-45E6-9522-A881C0D41149}.Free - Debug|x64.ActiveCfg = Debug|Win32
		{51051A5C-3513-45E6-9522-A881C0D41149}.MrMAPI|Any CPU.ActiveCfg = Release|x64
		{51051A5C-3513-45E6-9522-A881C0D41149}.MrMAPI|Mixed Platforms.ActiveCfg = Release|x64
		{51051A5C-3513-45E6-9522-A881C0D41149}.MrMAPI|Mixed Platforms.Build.0 = Release|x64
		{51051A5C-3513-45E6-9522-A881C0D41149}.MrMAPI|Win32.ActiveCfg = Release|x64
		{51051A5C-3513-45E6-9522-A881C0D41149}.MrMAPI|x64.ActiveCfg = Release|x64
		{51051A5C-3513-45E6-9522-A881C0D41149}.MrMAPI|x64.Build.0 = Release|x64
		{51051A5C-3513-45E6-9522-A881C0D41149}.MT Debug|Any CPU.ActiveCfg = Debug|Win32
		{51051A5C-3513-45E6-9522-A881C0D41149}.MT Debug|Mixed Platforms.ActiveCfg = Debug|Win32
		{51051A5C-3513-45E6-9522-A881C0D41149}.MT Debug|Mixed Platforms.Build.0 = Debug|Win32
		{51051A5C-3513-45E6-9522-A881C0D41149}.MT Debug|Win32.ActiveCfg = Debug|Win32
		{51051A5C-3513-45E6-9522-A881C0D41149}.MT Debug|Win32.Build.0 = Debug|Win32
		{51051A5C-3513-45E6-9522-A881C0D41149}.MT Debug|x64.ActiveCfg = Debug|Win32
		{51051A5C-3513-45E6-9522-A881C0D41149}.MT Release|Any CPU.ActiveCfg = Release|Win32
		{51051A5C-3513-45E6-9522-A881C0D41149}.MT Release|Mixed Platforms.ActiveCfg = Release|Win32
		{51051A5C-3513-45E6-9522-A881C0D41149}.MT Release|Mixed Platforms.Build.0 = Release|Win32
		{51051A5C-3513-45E6-9522-A881C0D41149}.MT Release|Win32.ActiveCfg = Release|Win32
		{51051A5C-3513-45E6-9522-A881C0D41149}.MT Release|Win32.Build.0 = Release|Win32
		{51051A5C-3513-45E6-9522-A881C0D41149}.MT Release|x64.ActiveCfg = Release|Win32
		{51051A5C-3513-45E6-9522-A881C0D41149}.Relase TeamX|Any CPU.ActiveCfg = Release|x64
		{51051A5C-3513-45E6-9522-A881C0D41149}.Relase TeamX|Mixed Platforms.ActiveCfg = Release|x64
		{51051A5C-3513-45E6-9522-A881C0D41149}.Relase TeamX|Mixed Platforms.Build.0 = Release|x64
		{51051A5C-3513-45E6-9522-A881C0D41149}.Relase TeamX|Win32.ActiveCfg = Release|x64
		{51051A5C-3513-45E6-9522-A881C0D41149}.Relase TeamX|x64.ActiveCfg = Release|x64
		{51051A5C-3513-45E6-9522-A881C0D41149}.Relase TeamX|x64.Build.0 = Release|x64
		{51051A5C-3513-45E6-9522-A881C0D41149}.Release - Free|Any CPU.ActiveCfg = Release|Win32
		{51051A5C-3513-45E6-9522-A881C0D41149}.Release - Free|Mixed Platforms.ActiveCfg = Release|Win32
		{51051A5C-3513-45E6-9522-A881C0D41149}.Release - Free|Mixed Platforms.Build.0 = Release|Win32
		{51051A5C-3513-45E6-9522-A881C0D41149}.Release - Free|Win32.ActiveCfg = Release|Win32
		{51051A5C-3513-45E6-9522-A881C0D41149}.Release - Free|Win32.Build.0 = Release|Win32
		{51051A5C-3513-45E6-9522-A881C0D41149}.Release - Free|x64.ActiveCfg = Release|Win32
		{51051A5C-3513-45E6-9522-A881C0D41149}.Release TeamX|Any CPU.ActiveCfg = Release|x64
		{51051A5C-3513-45E6-9522-A881C0D41149}.Release TeamX|Mixed Platforms.ActiveCfg = Release|x64
		{51051A5C-3513-45E6-9522-A881C0D41149}.Release TeamX|Mixed Platforms.Build.0 = Release|x64
		{51051A5C-3513-45E6-9522-A881C0D41149}.Release TeamX|Win32.ActiveCfg = Release|x64
		{51051A5C-3513-45E6-9522-A881C0D41149}.Release TeamX|x64.ActiveCfg = Release|x64
		{51051A5C-3513-45E6-9522-A881C0D41149}.Release TeamX|x64.Build.0 = Release|x64
		{51051A5C-3513-45E6-9522-A881C0D41149}.Release Unicode|Any CPU.ActiveCfg = Release|x64
		{51051A5C-3513-45E6-9522-A881C0D41149}.Release Unicode|Mixed Platforms.ActiveCfg = Release|x64
		{51051A5C-3513-45E6-9522-A881C0D41149}.Release Unicode|Mixed Platforms.Build.0 = Release|x64
		{51051A5C-3513-45E6-9522-A881C0D41149}.Release Unicode|Win32.ActiveCfg = Release|x64
		{51051A5C-3513-45E6-9522-A881C0D41149}.Release Unicode|x64.ActiveCfg = Release|x64
		{51051A5C-3513-45E6-9522-A881C0D41149}.Release Unicode|x64.Build.0 = Release|x64
		{51051A5C-3513-45E6-9522-A881C0D41149}.Release|Any CPU.ActiveCfg = Release|Win32
		{51051A5C-3513-45E6-9522-A881C0D41149}.Release|Mixed Platforms.ActiveCfg = Release|Win32
		{51051A5C-3513-45E6-9522-A881C0D41149}.Release|Mixed Platforms.Build.0 = Release|Win32
		{51051A5C-3513-45E6-9522-A881C0D41149}.Release|Win32.ActiveCfg = Release|Win32
		{51051A5C-3513-45E6-9522-A881C0D41149}.Release|Win32.Build.0 = Release|Win32
		{51051A5C-3513-45E6-9522-A881C0D41149}.Release|x64.ActiveCfg = Release|x64
		{51051A5C-3513-45E6-9522-A881C0D41149}.Test|Any CPU.ActiveCfg = Release|Win32
		{51051A5C-3513-45E6-9522-A881C0D41149}.Test|Mixed Platforms.ActiveCfg = Release|Win32
		{51051A5C-3513-45E6-9522-A881C0D41149}.Test|Mixed Platforms.Build.0 = Release|Win32
		{51051A5C-3513-45E6-9522-A881C0D41149}.Test|Win32.ActiveCfg = Release|Win32
		{51051A5C-3513-45E6-9522-A881C0D41149}.Test|Win32.Build.0 = Release|Win32
		{51051A5C-3513-45E6-9522-A881C0D41149}.Test|x64.ActiveCfg = Release|Win32
		{9F4DCD26-23C6-4669-99E0-79B5B35BC375}.Debug - Free|Any CPU.ActiveCfg = Debug|Win32
		{9F4DCD26-23C6-4669-99E0-79B5B35BC375}.Debug - Free|Mixed Platforms.ActiveCfg = Debug|Win32
		{9F4DCD26-23C6-4669-99E0-79B5B35BC375}.Debug - Free|Mixed Platforms.Build.0 = Debug|Win32
		{9F4DCD26-23C6-4669-99E0-79B5B35BC375}.Debug - Free|Win32.ActiveCfg = Debug|Win32
		{9F4DCD26-23C6-4669-99E0-79B5B35BC375}.Debug - Free|Win32.Build.0 = Debug|Win32
		{9F4DCD26-23C6-4669-99E0-79B5B35BC375}.Debug - Free|x64.ActiveCfg = Debug|Win32
		{9F4DCD26-23C6-4669-99E0-79B5B35BC375}.Debug Unicode|Any CPU.ActiveCfg = Debug|x64
		{9F4DCD26-23C6-4669-99E0-79B5B35BC375}.Debug Unicode|Mixed Platforms.ActiveCfg = Debug|x64
		{9F4DCD26-23C6-4669-99E0-79B5B35BC375}.Debug Unicode|Mixed Platforms.Build.0 = Debug|x64
		{9F4DCD26-23C6-4669-99E0-79B5B35BC375}.Debug Unicode|Win32.ActiveCfg = Debug|x64
		{9F4DCD26-23C6-4669-99E0-79B5B35BC375}.Debug Unicode|x64.ActiveCfg = Debug|x64
		{9F4DCD26-23C6-4669-99E0-79B5B35BC375}.Debug Unicode|x64.Build.0 = Debug|x64
		{9F4DCD26-23C6-4669-99E0-79B5B35BC375}.Debug|Any CPU.ActiveCfg = Debug|Win32
		{9F4DCD26-23C6-4669-99E0-79B5B35BC375}.Debug|Mixed Platforms.ActiveCfg = Debug|Win32
		{9F4DCD26-23C6-4669-99E0-79B5B35BC375}.Debug|Mixed Platforms.Build.0 = Debug|Win32
		{9F4DCD26-23C6-4669-99E0-79B5B35BC375}.Debug|Win32.ActiveCfg = Debug|Win32
		{9F4DCD26-23C6-4669-99E0-79B5B35BC375}.Debug|Win32.Build.0 = Debug|Win32
		{9F4DCD26-23C6-4669-99E0-79B5B35BC375}.Debug|x64.ActiveCfg = Debug|x64
		{9F4DCD26-23C6-4669-99E0-79B5B35BC375}.denis|Any CPU.ActiveCfg = Debug|Win32
		{9F4DCD26-23C6-4669-99E0-79B5B35BC375}.denis|Mixed Platforms.ActiveCfg = Debug|Win32
		{9F4DCD26-23C6-4669-99E0-79B5B35BC375}.denis|Mixed Platforms.Build.0 = Debug|Win32
		{9F4DCD26-23C6-4669-99E0-79B5B35BC375}.denis|Win32.ActiveCfg = Debug|Win32
		{9F4DCD26-23C6-4669-99E0-79B5B35BC375}.denis|Win32.Build.0 = Debug|Win32
		{9F4DCD26-23C6-4669-99E0-79B5B35BC375}.denis|x64.ActiveCfg = Debug|Win32
		{9F4DCD26-23C6-4669-99E0-79B5B35BC375}.Free - Debug|Any CPU.ActiveCfg = Debug|Win32
		{9F4DCD26-23C6-4669-99E0-79B5B35BC375}.Free - Debug|Mixed Platforms.ActiveCfg = Debug|Win32
		{9F4DCD26-23C6-4669-99E0-79B5B35BC375}.Free - Debug|Mixed Platforms.Build.0 = Debug|Win32
		{9F4DCD26-23C6-4669-99E0-79B5B35BC375}.Free - Debug|Win32.ActiveCfg = Debug|Win32
		{9F4DCD26-23C6-4669-99E0-79B5B35BC375}.Free - Debug|Win32.Build.0 = Debug|Win32
		{9F4DCD26-23C6-4669-99E0-79B5B35BC375}.Free - Debug|x64.ActiveCfg = Debug|Win32
		{9F4DCD26-23C6-4669-99E0-79B5B35BC375}.MrMAPI|Any CPU.ActiveCfg = Release|x64
		{9F4DCD26-23C6-4669-99E0-79B5B35BC375}.MrMAPI|Mixed Platforms.ActiveCfg = Release|x64
		{9F4DCD26-23C6-4669-99E0-79B5B35BC375}.MrMAPI|Mixed Platforms.Build.0 = Release|x64
		{9F4DCD26-23C6-4669-99E0-79B5B35BC375}.MrMAPI|Win32.ActiveCfg = Release|x64
		{9F4DCD26-23C6-4669-99E0-79B5B35BC375}.MrMAPI|x64.ActiveCfg = Release|x64
		{9F4DCD26-23C6-4669-99E0-79B5B35BC375}.MrMAPI|x64.Build.0 = Release|x64
		{9F4DCD26-23C6-4669-99E0-79B5B35BC375}.MT Debug|Any CPU.ActiveCfg = Debug|Win32
		{9F4DCD26-23C6-4669-99E0-79B5B35BC375}.MT Debug|Mixed Platforms.ActiveCfg = Debug|Win32
		{9F4DCD26-23C6-4669-99E0-79B5B35BC375}.MT Debug|Mixed Platforms.Build.0 = Debug|Win32
		{9F4DCD26-23C6-4669-99E0-79B5B35BC375}.MT Debug|Win32.ActiveCfg = Debug|Win32
		{9F4DCD26-23C6-4669-99E0-79B5B35BC375}.MT Debug|Win32.Build.0 = Debug|Win32
		{9F4DCD26-23C6-4669-99E0-79B5B35BC375}.MT Debug|x64.ActiveCfg = Debug|Win32
		{9F4DCD26-23C6-4669-99E0-79B5B35BC375}.MT Release|Any CPU.ActiveCfg = Release|Win32
		{9F4DCD26-23C6-4669-99E0-79B5B35BC375}.MT Release|Mixed Platforms.ActiveCfg = Release|Win32
		{9F4DCD26-23C6-4669-99E0-79B5B35BC375}.MT Release|Mixed Platforms.Build.0 = Release|Win32
		{9F4DCD26-23C6-4669-99E0-79B5B35BC375}.MT Release|Win32.ActiveCfg = Release|Win32
		{9F4DCD26-23C6-4669-99E0-79B5B35BC375}.MT Release|Win32.Build.0 = Release|Win32
		{9F4DCD26-23C6-4669-99E0-79B5B35BC375}.MT Release|x64.ActiveCfg = Release|Win32
		{9F4DCD26-23C6-4669-99E0-79B5B35BC375}.Relase TeamX|Any CPU.ActiveCfg = Release|x64
		{9F4DCD26-23C6-4669-99E0-79B5B35BC375}.Relase TeamX|Mixed Platforms.ActiveCfg = Release|x64
		{9F4DCD26-23C6-4669-99E0-79B5B35BC375}.Relase TeamX|Mixed Platforms.Build.0 = Release|x64
		{9F4DCD26-23C6-4669-99E0-79B5B35BC375}.Relase TeamX|Win32.ActiveCfg = Release|x64
		{9F4DCD26-23C6-4669-99E0-79B5B35BC375}.Relase TeamX|x64.ActiveCfg = Release|x64
		{9F4DCD26-23C6-4669-99E0-79B5B35BC375}.Relase TeamX|x64.Build.0 = Release|x64
		{9F4DCD26-23C6-4669-99E0-79B5B35BC375}.Release - Free|Any CPU.ActiveCfg = Release|Win32
		{9F4DCD26-23C6-4669-99E0-79B5B35BC375}.Release - Free|Mixed Platforms.ActiveCfg = Release|Win32
		{9F4DCD26-23C6-4669-99E0-79B5B35BC375}.Release - Free|Mixed Platforms.Build.0 = Release|Win32
		{9F4DCD26-23C6-4669-99E0-79B5B35BC375}.Release - Free|Win32.ActiveCfg = Release|Win32
		{9F4DCD26-23C6-4669-99E0-79B5B35BC375}.Release - Free|Win32.Build.0 = Release|Win32
		{9F4DCD26-23C6-4669-99E0-79B5B35BC375}.Release - Free|x64.ActiveCfg = Release|Win32
		{9F4DCD26-23C6-4669-99E0-79B5B35BC375}.Release TeamX|Any CPU.ActiveCfg = Release|x64
		{9F4DCD26-23C6-4669-99E0-79B5B35BC375}.Release TeamX|Mixed Platforms.ActiveCfg = Release|x64
		{9F4DCD26-23C6-4669-99E0-79B5B35BC375}.Release TeamX|Mixed Platforms.Build.0 = Release|x64
		{9F4DCD26-23C6-4669-99E0-79B5B35BC375}.Release TeamX|Win32.ActiveCfg = Release|x64
		{9F4DCD26-23C6-4669-99E0-79B5B35BC375}.Release TeamX|x64.ActiveCfg = Release|x64
		{9F4DCD26-23C6-4669-99E0-79B5B35BC375}.Release TeamX|x64.Build.0 = Release|x64
		{9F4DCD26-23C6-4669-99E0-79B5B35BC375}.Release Unicode|Any CPU.ActiveCfg = Release|x64
		{9F4DCD26-23C6-4669-99E0-79B5B35BC375}.Release Unicode|Mixed Platforms.ActiveCfg = Release|x64
		{9F4DCD26-23C6-4669-99E0-79B5B35BC375}.Release Unicode|Mixed Platforms.Build.0 = Release|x64
		{9F4DCD26-23C6-4669-99E0-79B5B35BC375}.Release Unicode|Win32.ActiveCfg = Release|x64
		{9F4DCD26-23C6-4669-99E0-79B5B35BC375}.Release Unicode|x64.ActiveCfg = Release|x64
		{9F4DCD26-23C6-4669-99E0-79B5B35BC375}.Release Unicode|x64.Build.0 = Release|x64
		{9F4DCD26-23C6-4669-99E0-79B5B35BC375}.Release|Any CPU.ActiveCfg = Release|Win32
		{9F4DCD26-23C6-4669-99E0-79B5B35BC375}.Release|Mixed Platforms.ActiveCfg = Release|Win32
		{9F4DCD26-23C6-4669-99E0-79B5B35BC375}.Release|Mixed Platforms.Build.0 = Release|Win32
		{9F4DCD26-23C6-4669-99E0-79B5B35BC375}.Release|Win32.ActiveCfg = Release|Win32
		{9F4DCD26-23C6-4669-99E0-79B5B35BC375}.Release|Win32.Build.0 = Release|Win32
		{9F4DCD26-23C6-4669-99E0-79B5B35BC375}.Release|x64.ActiveCfg = Release|x64
		{9F4DCD26-23C6-4669-99E0-79B5B35BC375}.Test|Any CPU.ActiveCfg = Release|Win32
		{9F4DCD26-23C6-4669-99E0-79B5B35BC375}.Test|Mixed Platforms.ActiveCfg = Release|Win32
		{9F4DCD26-23C6-4669-99E0-79B5B35BC375}.Test|Mixed Platforms.Build.0 = Release|Win32
		{9F4DCD26-23C6-4669-99E0-79B5B35BC375}.Test|Win32.ActiveCfg = Release|Win32
		{9F4DCD26-23C6-4669-99E0-79B5B35BC375}.Test|Win32.Build.0 = Release|Win32
		{9F4DCD26-23C6-4669-99E0-79B5B35BC375}.Test|x64.ActiveCfg = Release|Win32
		{AF8D569B-AA6C-41F6-908C-EAD817C2CF9D}.Debug - Free|Any CPU.ActiveCfg = Debug|x64
		{AF8D569B-AA6C-41F6-908C-EAD817C2CF9D}.Debug - Free|Mixed Platforms.ActiveCfg = Debug|x64
		{AF8D569B-AA6C-41F6-908C-EAD817C2CF9D}.Debug - Free|Mixed Platforms.Build.0 = Debug|x64
		{AF8D569B-AA6C-41F6-908C-EAD817C2CF9D}.Debug - Free|Win32.ActiveCfg = Debug|x64
		{AF8D569B-AA6C-41F6-908C-EAD817C2CF9D}.Debug - Free|x64.ActiveCfg = Debug|x64
		{AF8D569B-AA6C-41F6-908C-EAD817C2CF9D}.Debug - Free|x64.Build.0 = Debug|x64
		{AF8D569B-AA6C-41F6-908C-EAD817C2CF9D}.Debug Unicode|Any CPU.ActiveCfg = Debug|x64
		{AF8D569B-AA6C-41F6-908C-EAD817C2CF9D}.Debug Unicode|Mixed Platforms.ActiveCfg = Debug|x64
		{AF8D569B-AA6C-41F6-908C-EAD817C2CF9D}.Debug Unicode|Mixed Platforms.Build.0 = Debug|x64
		{AF8D569B-AA6C-41F6-908C-EAD817C2CF9D}.Debug Unicode|Win32.ActiveCfg = Debug|x64
		{AF8D569B-AA6C-41F6-908C-EAD817C2CF9D}.Debug Unicode|x64.ActiveCfg = Debug|x64
		{AF8D569B-AA6C-41F6-908C-EAD817C2CF9D}.Debug Unicode|x64.Build.0 = Debug|x64
		{AF8D569B-AA6C-41F6-908C-EAD817C2CF9D}.Debug|Any CPU.ActiveCfg = Debug|Any CPU
		{AF8D569B-AA6C-41F6-908C-EAD817C2CF9D}.Debug|Any CPU.Build.0 = Debug|Any CPU
		{AF8D569B-AA6C-41F6-908C-EAD817C2CF9D}.Debug|Mixed Platforms.ActiveCfg = Debug|x64
		{AF8D569B-AA6C-41F6-908C-EAD817C2CF9D}.Debug|Mixed Platforms.Build.0 = Debug|x64
		{AF8D569B-AA6C-41F6-908C-EAD817C2CF9D}.Debug|Win32.ActiveCfg = Debug|x64
		{AF8D569B-AA6C-41F6-908C-EAD817C2CF9D}.Debug|x64.ActiveCfg = Debug|x64
		{AF8D569B-AA6C-41F6-908C-EAD817C2CF9D}.Debug|x64.Build.0 = Debug|x64
		{AF8D569B-AA6C-41F6-908C-EAD817C2CF9D}.denis|Any CPU.ActiveCfg = Debug|x64
		{AF8D569B-AA6C-41F6-908C-EAD817C2CF9D}.denis|Mixed Platforms.ActiveCfg = Debug|x64
		{AF8D569B-AA6C-41F6-908C-EAD817C2CF9D}.denis|Mixed Platforms.Build.0 = Debug|x64
		{AF8D569B-AA6C-41F6-908C-EAD817C2CF9D}.denis|Win32.ActiveCfg = Debug|x64
		{AF8D569B-AA6C-41F6-908C-EAD817C2CF9D}.denis|x64.ActiveCfg = Debug|x64
		{AF8D569B-AA6C-41F6-908C-EAD817C2CF9D}.denis|x64.Build.0 = Debug|x64
		{AF8D569B-AA6C-41F6-908C-EAD817C2CF9D}.Free - Debug|Any CPU.ActiveCfg = Debug|Any CPU
		{AF8D569B-AA6C-41F6-908C-EAD817C2CF9D}.Free - Debug|Any CPU.Build.0 = Debug|Any CPU
		{AF8D569B-AA6C-41F6-908C-EAD817C2CF9D}.Free - Debug|Mixed Platforms.ActiveCfg = Debug|x64
		{AF8D569B-AA6C-41F6-908C-EAD817C2CF9D}.Free - Debug|Mixed Platforms.Build.0 = Debug|x64
		{AF8D569B-AA6C-41F6-908C-EAD817C2CF9D}.Free - Debug|Win32.ActiveCfg = Debug|x64
		{AF8D569B-AA6C-41F6-908C-EAD817C2CF9D}.Free - Debug|x64.ActiveCfg = Debug|x64
		{AF8D569B-AA6C-41F6-908C-EAD817C2CF9D}.Free - Debug|x64.Build.0 = Debug|x64
		{AF8D569B-AA6C-41F6-908C-EAD817C2CF9D}.MrMAPI|Any CPU.ActiveCfg = Release|x64
		{AF8D569B-AA6C-41F6-908C-EAD817C2CF9D}.MrMAPI|Mixed Platforms.ActiveCfg = Release|x64
		{AF8D569B-AA6C-41F6-908C-EAD817C2CF9D}.MrMAPI|Mixed Platforms.Build.0 = Release|x64
		{AF8D569B-AA6C-41F6-908C-EAD817C2CF9D}.MrMAPI|Win32.ActiveCfg = Release|x64
		{AF8D569B-AA6C-41F6-908C-EAD817C2CF9D}.MrMAPI|x64.ActiveCfg = Release|x64
		{AF8D569B-AA6C-41F6-908C-EAD817C2CF9D}.MrMAPI|x64.Build.0 = Release|x64
		{AF8D569B-AA6C-41F6-908C-EAD817C2CF9D}.MT Debug|Any CPU.ActiveCfg = Debug|Any CPU
		{AF8D569B-AA6C-41F6-908C-EAD817C2CF9D}.MT Debug|Any CPU.Build.0 = Debug|Any CPU
		{AF8D569B-AA6C-41F6-908C-EAD817C2CF9D}.MT Debug|Mixed Platforms.ActiveCfg = Debug|x64
		{AF8D569B-AA6C-41F6-908C-EAD817C2CF9D}.MT Debug|Mixed Platforms.Build.0 = Debug|x64
		{AF8D569B-AA6C-41F6-908C-EAD817C2CF9D}.MT Debug|Win32.ActiveCfg = Debug|x64
		{AF8D569B-AA6C-41F6-908C-EAD817C2CF9D}.MT Debug|x64.ActiveCfg = Debug|x64
		{AF8D569B-AA6C-41F6-908C-EAD817C2CF9D}.MT Debug|x64.Build.0 = Debug|x64
		{AF8D569B-AA6C-41F6-908C-EAD817C2CF9D}.MT Release|Any CPU.ActiveCfg = Release|Any CPU
		{AF8D569B-AA6C-41F6-908C-EAD817C2CF9D}.MT Release|Any CPU.Build.0 = Release|Any CPU
		{AF8D569B-AA6C-41F6-908C-EAD817C2CF9D}.MT Release|Mixed Platforms.ActiveCfg = Release|x64
		{AF8D569B-AA6C-41F6-908C-EAD817C2CF9D}.MT Release|Mixed Platforms.Build.0 = Release|x64
		{AF8D569B-AA6C-41F6-908C-EAD817C2CF9D}.MT Release|Win32.ActiveCfg = Release|x64
		{AF8D569B-AA6C-41F6-908C-EAD817C2CF9D}.MT Release|x64.ActiveCfg = Release|x64
		{AF8D569B-AA6C-41F6-908C-EAD817C2CF9D}.MT Release|x64.Build.0 = Release|x64
		{AF8D569B-AA6C-41F6-908C-EAD817C2CF9D}.Relase TeamX|Any CPU.ActiveCfg = Release|x64
		{AF8D569B-AA6C-41F6-908C-EAD817C2CF9D}.Relase TeamX|Mixed Platforms.ActiveCfg = Release|x64
		{AF8D569B-AA6C-41F6-908C-EAD817C2CF9D}.Relase TeamX|Mixed Platforms.Build.0 = Release|x64
		{AF8D569B-AA6C-41F6-908C-EAD817C2CF9D}.Relase TeamX|Win32.ActiveCfg = Release|x64
		{AF8D569B-AA6C-41F6-908C-EAD817C2CF9D}.Relase TeamX|x64.ActiveCfg = Release|x64
		{AF8D569B-AA6C-41F6-908C-EAD817C2CF9D}.Relase TeamX|x64.Build.0 = Release|x64
		{AF8D569B-AA6C-41F6-908C-EAD817C2CF9D}.Release - Free|Any CPU.ActiveCfg = Release|x64
		{AF8D569B-AA6C-41F6-908C-EAD817C2CF9D}.Release - Free|Mixed Platforms.ActiveCfg = Release|x64
		{AF8D569B-AA6C-41F6-908C-EAD817C2CF9D}.Release - Free|Mixed Platforms.Build.0 = Release|x64
		{AF8D569B-AA6C-41F6-908C-EAD817C2CF9D}.Release - Free|Win32.ActiveCfg = Release|x64
		{AF8D569B-AA6C-41F6-908C-EAD817C2CF9D}.Release - Free|x64.ActiveCfg = Release|x64
		{AF8D569B-AA6C-41F6-908C-EAD817C2CF9D}.Release - Free|x64.Build.0 = Release|x64
		{AF8D569B-AA6C-41F6-908C-EAD817C2CF9D}.Release TeamX|Any CPU.ActiveCfg = Release|x64
		{AF8D569B-AA6C-41F6-908C-EAD817C2CF9D}.Release TeamX|Mixed Platforms.ActiveCfg = Release|x64
		{AF8D569B-AA6C-41F6-908C-EAD817C2CF9D}.Release TeamX|Mixed Platforms.Build.0 = Release|x64
		{AF8D569B-AA6C-41F6-908C-EAD817C2CF9D}.Release TeamX|Win32.ActiveCfg = Release|x64
		{AF8D569B-AA6C-41F6-908C-EAD817C2CF9D}.Release TeamX|x64.ActiveCfg = Release|x64
		{AF8D569B-AA6C-41F6-908C-EAD817C2CF9D}.Release TeamX|x64.Build.0 = Release|x64
		{AF8D569B-AA6C-41F6-908C-EAD817C2CF9D}.Release Unicode|Any CPU.ActiveCfg = Release|x64
		{AF8D569B-AA6C-41F6-908C-EAD817C2CF9D}.Release Unicode|Mixed Platforms.ActiveCfg = Release|x64
		{AF8D569B-AA6C-41F6-908C-EAD817C2CF9D}.Release Unicode|Mixed Platforms.Build.0 = Release|x64
		{AF8D569B-AA6C-41F6-908C-EAD817C2CF9D}.Release Unicode|Win32.ActiveCfg = Release|x64
		{AF8D569B-AA6C-41F6-908C-EAD817C2CF9D}.Release Unicode|x64.ActiveCfg = Release|x64
		{AF8D569B-AA6C-41F6-908C-EAD817C2CF9D}.Release Unicode|x64.Build.0 = Release|x64
		{AF8D569B-AA6C-41F6-908C-EAD817C2CF9D}.Release|Any CPU.ActiveCfg = Release|Any CPU
		{AF8D569B-AA6C-41F6-908C-EAD817C2CF9D}.Release|Any CPU.Build.0 = Release|Any CPU
		{AF8D569B-AA6C-41F6-908C-EAD817C2CF9D}.Release|Mixed Platforms.ActiveCfg = Release|x64
		{AF8D569B-AA6C-41F6-908C-EAD817C2CF9D}.Release|Mixed Platforms.Build.0 = Release|x64
		{AF8D569B-AA6C-41F6-908C-EAD817C2CF9D}.Release|Win32.ActiveCfg = Release|x64
		{AF8D569B-AA6C-41F6-908C-EAD817C2CF9D}.Release|x64.ActiveCfg = Release|x64
		{AF8D569B-AA6C-41F6-908C-EAD817C2CF9D}.Release|x64.Build.0 = Release|x64
		{AF8D569B-AA6C-41F6-908C-EAD817C2CF9D}.Test|Any CPU.ActiveCfg = Release|x64
		{AF8D569B-AA6C-41F6-908C-EAD817C2CF9D}.Test|Mixed Platforms.ActiveCfg = Release|x64
		{AF8D569B-AA6C-41F6-908C-EAD817C2CF9D}.Test|Mixed Platforms.Build.0 = Release|x64
		{AF8D569B-AA6C-41F6-908C-EAD817C2CF9D}.Test|Win32.ActiveCfg = Release|x64
		{AF8D569B-AA6C-41F6-908C-EAD817C2CF9D}.Test|x64.ActiveCfg = Release|x64
		{AF8D569B-AA6C-41F6-908C-EAD817C2CF9D}.Test|x64.Build.0 = Release|x64
	EndGlobalSection
	GlobalSection(SolutionProperties) = preSolution
		HideSolutionNode = FALSE
	EndGlobalSection
EndGlobal
